
Microsoft Visual Studio Solution File, Format Version 12.00
# Visual Studio Version 16
VisualStudioVersion = 16.0.29102.190
MinimumVisualStudioVersion = 10.0.40219.1
Project("{FAE04EC0-301F-11D3-BF4B-00C04F79EFBC}") = "T12_Menu_Par_Imp_TablMult", "T12_Menu_Par_Imp_TablMult.csproj", "{D72E49F4-D193-4B02-A672-DF9160F8D284}"
EndProject
Global
	GlobalSection(SolutionConfigurationPlatforms) = preSolution
		Debug|Any CPU = Debug|Any CPU
		Release|Any CPU = Release|Any CPU
	EndGlobalSection
	GlobalSection(ProjectConfigurationPlatforms) = postSolution
		{D72E49F4-D193-4B02-A672-DF9160F8D284}.Debug|Any CPU.ActiveCfg = Debug|Any CPU
		{D72E49F4-D193-4B02-A672-DF9160F8D284}.Debug|Any CPU.Build.0 = Debug|Any CPU
		{D72E49F4-D193-4B02-A672-DF9160F8D284}.Release|Any CPU.ActiveCfg = Release|Any CPU
		{D72E49F4-D193-4B02-A672-DF9160F8D284}.Release|Any CPU.Build.0 = Release|Any CPU
	EndGlobalSection
	GlobalSection(SolutionProperties) = preSolution
		HideSolutionNode = FALSE
	EndGlobalSection
	GlobalSection(ExtensibilityGlobals) = postSolution
		SolutionGuid = {776A7864-ADEF-4FE8-9446-B438435D153F}
	EndGlobalSection
EndGlobal
